{
  "object": {
    "pins": [
      {
        "package": "IQKeyboardManagerSwift",
        "repositoryURL": "https://github.com/hackiftekhar/IQKeyboardManager",
        "state": {
          "branch": null,
          "revision": "1e442766a41e2948df25559eb03ab752c6d3aad0",
          "version": "6.5.0"
        }
      }
    ]
  },
  "version": 1
}
